lockfileVersion: '9.0'

settings:
  autoInstallPeers: true
  excludeLinksFromLockfile: false

overrides:
  '@mastra/auth-auth0': link:../../auth/auth0
  '@mastra/auth-better-auth': link:../../auth/better-auth
  '@mastra/auth-okta': link:../../auth/okta
  '@mastra/auth-workos': link:../../auth/workos
  '@mastra/auth-cloud': link:../../auth/cloud
  '@mastra/core': link:../../packages/core
  '@mastra/duckdb': link:../../stores/duckdb
  '@mastra/editor': link:../../packages/editor
  '@mastra/loggers': link:../../packages/loggers
  '@mastra/voice-openai': link:../../voice/openai
  '@mastra/memory': link:../../packages/memory
  '@mastra/client-js': link:../../client-sdks/client-js
  '@mastra/mcp': link:../../packages/mcp
  '@mastra/libsql': link:../../stores/libsql
  '@mastra/observability': link:../../observability/mastra
  '@mastra/evals': link:../../packages/evals
  '@mastra/auth-studio': link:../../auth/studio
  mastra: link:../../packages/cli

importers:

  .:
    dependencies:
      '@ai-sdk/google':
        specifier: ^1.2.22
        version: 1.2.22(zod@4.3.6)
      '@ai-sdk/openai':
        specifier: ^1.3.24
        version: 1.3.24(zod@4.3.6)
      '@ai-sdk/openai-v5':
        specifier: npm:@ai-sdk/openai@2.0.15
        version: '@ai-sdk/openai@2.0.15(zod@4.3.6)'
      '@ai-sdk/provider':
        specifier: ^2.0.0
        version: 2.0.1
      '@mastra/auth-auth0':
        specifier: link:../../auth/auth0
        version: link:../../auth/auth0
      '@mastra/auth-better-auth':
        specifier: link:../../auth/better-auth
        version: link:../../auth/better-auth
      '@mastra/auth-cloud':
        specifier: link:../../auth/cloud
        version: link:../../auth/cloud
      '@mastra/auth-okta':
        specifier: link:../../auth/okta
        version: link:../../auth/okta
      '@mastra/auth-studio':
        specifier: link:../../auth/studio
        version: link:../../auth/studio
      '@mastra/auth-workos':
        specifier: link:../../auth/workos
        version: link:../../auth/workos
      '@mastra/client-js':
        specifier: link:../../client-sdks/client-js
        version: link:../../client-sdks/client-js
      '@mastra/core':
        specifier: link:../../packages/core
        version: link:../../packages/core
      '@mastra/duckdb':
        specifier: link:../../stores/duckdb
        version: link:../../stores/duckdb
      '@mastra/editor':
        specifier: link:../../packages/editor
        version: link:../../packages/editor
      '@mastra/evals':
        specifier: link:../../packages/evals
        version: link:../../packages/evals
      '@mastra/libsql':
        specifier: link:../../stores/libsql
        version: link:../../stores/libsql
      '@mastra/loggers':
        specifier: link:../../packages/loggers
        version: link:../../packages/loggers
      '@mastra/mcp':
        specifier: link:../../packages/mcp
        version: link:../../packages/mcp
      '@mastra/memory':
        specifier: link:../../packages/memory
        version: link:../../packages/memory
      '@mastra/observability':
        specifier: link:../../observability/mastra
        version: link:../../observability/mastra
      '@mastra/voice-openai':
        specifier: link:../../voice/openai
        version: link:../../voice/openai
      ai:
        specifier: ^4.3.19
        version: 4.3.19(react@19.2.4)(zod@4.3.6)
      ai-v5:
        specifier: npm:ai@^5.0.93
        version: ai@5.0.126(zod@4.3.6)
      better-auth:
        specifier: ^1.2.8
        version: 1.5.3(react@19.2.4)
      fetch-to-node:
        specifier: ^2.1.0
        version: 2.1.0
      mastra:
        specifier: link:../../packages/cli
        version: link:../../packages/cli
      typescript:
        specifier: ^5.9.3
        version: 5.9.3
      zod:
        specifier: ^4.3.6
        version: 4.3.6
    devDependencies:
      msw:
        specifier: ^2.12.2
        version: 2.12.8(typescript@5.9.3)

packages:

  '@ai-sdk/gateway@2.0.32':
    resolution: {integrity: sha512-FT24EjSPOm+esohJO1KGFMfcKQJS2cbxSEL6GlAojlcty5CAmzpDCTU2AQb8lK2szKwGOKAnMhtBnWk/QWajPQ==}
    engines: {node: '>=18'}
    peerDependencies:
      zod: ^3.25.76 || ^4.1.8

  '@ai-sdk/google@1.2.22':
    resolution: {integrity: sha512-Ppxu3DIieF1G9pyQ5O1Z646GYR0gkC57YdBqXJ82qvCdhEhZHu0TWhmnOoeIWe2olSbuDeoOY+MfJrW8dzS3Hw==}
    engines: {node: '>=18'}
    peerDependencies:
      zod: ^3.0.0

  '@ai-sdk/openai@1.3.24':
    resolution: {integrity: sha512-GYXnGJTHRTZc4gJMSmFRgEQudjqd4PUN0ZjQhPwOAYH1yOAvQoG/Ikqs+HyISRbLPCrhbZnPKCNHuRU4OfpW0Q==}
    engines: {node: '>=18'}
    peerDependencies:
      zod: ^3.0.0

  '@ai-sdk/openai@2.0.15':
    resolution: {integrity: sha512-/IUyQ9ck4uUTtGojvQamcUWpNWkwpL/P1F6LYRxpQGj07H00oJEBH/VUizrIq0ZvW/vkuK6c6X4UJS9PrdYyxA==}
    engines: {node: '>=18'}
    peerDependencies:
      zod: ^3.25.76 || ^4

  '@ai-sdk/provider-utils@2.2.8':
    resolution: {integrity: sha512-fqhG+4sCVv8x7nFzYnFo19ryhAa3w096Kmc3hWxMQfW/TubPOmt3A6tYZhl4mUfQWWQMsuSkLrtjlWuXBVSGQA==}
    engines: {node: '>=18'}
    peerDependencies:
      zod: ^3.23.8

  '@ai-sdk/provider-utils@3.0.20':
    resolution: {integrity: sha512-iXHVe0apM2zUEzauqJwqmpC37A5rihrStAih5Ks+JE32iTe4LZ58y17UGBjpQQTCRw9YxMeo2UFLxLpBluyvLQ==}
    engines: {node: '>=18'}
    peerDependencies:
      zod: ^3.25.76 || ^4.1.8

  '@ai-sdk/provider-utils@3.0.3':
    resolution: {integrity: sha512-kAxIw1nYmFW1g5TvE54ZB3eNtgZna0RnLjPUp1ltz1+t9xkXJIuDT4atrwfau9IbS0BOef38wqrI8CjFfQrxhw==}
    engines: {node: '>=18'}
    peerDependencies:
      zod: ^3.25.76 || ^4

  '@ai-sdk/provider@1.1.3':
    resolution: {integrity: sha512-qZMxYJ0qqX/RfnuIaab+zp8UAeJn/ygXXAffR5I4N0n1IrvA6qBsjc8hXLmBiMV2zoXlifkacF7sEFnYnjBcqg==}
    engines: {node: '>=18'}

  '@ai-sdk/provider@2.0.0':
    resolution: {integrity: sha512-6o7Y2SeO9vFKB8lArHXehNuusnpddKPk7xqL7T2/b+OvXMRIXUO1rR4wcv1hAFUAT9avGZshty3Wlua/XA7TvA==}
    engines: {node: '>=18'}

  '@ai-sdk/provider@2.0.1':
    resolution: {integrity: sha512-KCUwswvsC5VsW2PWFqF8eJgSCu5Ysj7m1TxiHTVA6g7k360bk0RNQENT8KTMAYEs+8fWPD3Uu4dEmzGHc+jGng==}
    engines: {node: '>=18'}

  '@ai-sdk/react@1.2.12':
    resolution: {integrity: sha512-jK1IZZ22evPZoQW3vlkZ7wvjYGYF+tRBKXtrcolduIkQ/m/sOAVcVeVDUDvh1T91xCnWCdUGCPZg2avZ90mv3g==}
    engines: {node: '>=18'}
    peerDependencies:
      react: ^18 || ^19 || ^19.0.0-rc
      zod: ^3.23.8
    peerDependenciesMeta:
      zod:
        optional: true

  '@ai-sdk/ui-utils@1.2.11':
    resolution: {integrity: sha512-3zcwCc8ezzFlwp3ZD15wAPjf2Au4s3vAbKsXQVyhxODHcmu0iyPO2Eua6D/vicq/AUm/BAo60r97O6HU+EI0+w==}
    engines: {node: '>=18'}
    peerDependencies:
      zod: ^3.23.8

  '@better-auth/core@1.5.3':
    resolution: {integrity: sha512-fORsQjNZ6BQ7o96xMe7elz3Y4Y8DsqXmQrdyzt289G9rmzX4auwBCPTtE2cXTRTYGiVvH9bv0b97t1Uo/OWynQ==}
    peerDependencies:
      '@better-auth/utils': 0.3.1
      '@better-fetch/fetch': 1.1.21
      '@cloudflare/workers-types': '>=4'
      better-call: 1.3.2
      jose: ^6.1.0
      kysely: ^0.28.5
      nanostores: ^1.0.1
    peerDependenciesMeta:
      '@cloudflare/workers-types':
        optional: true

  '@better-auth/kysely-adapter@1.5.3':
    resolution: {integrity: sha512-eAm1KPrlPXkH/qXUXnGBcHPDgCX153b6BSlc2QJ2IeqmiWym9D/6XORqBIZOl71JiP0Cifzocr2GLpnz0gt31Q==}
    peerDependencies:
      '@better-auth/core': 1.5.3
      '@better-auth/utils': ^0.3.0
      kysely: ^0.27.0 || ^0.28.0

  '@better-auth/memory-adapter@1.5.3':
    resolution: {integrity: sha512-QdeTI3bvUmaPkHsjcSMfroXyuGsgnxobv7wZVl57e+ox6yQVR1j4VKbqmCILP6PL6Rr2gpcBH/liHr8v5gqY5Q==}
    peerDependencies:
      '@better-auth/core': 1.5.3
      '@better-auth/utils': ^0.3.0

  '@better-auth/telemetry@1.5.3':
    resolution: {integrity: sha512-ZX/r8AsWdB6BwH+Rb7H/SyJnGtPN6EDWrNxBQEDsqRrBJVcDLwAIz165P57RXci0WwtY872T0guKq+XVyy5rkA==}
    peerDependencies:
      '@better-auth/core': 1.5.3

  '@better-auth/utils@0.3.1':
    resolution: {integrity: sha512-+CGp4UmZSUrHHnpHhLPYu6cV+wSUSvVbZbNykxhUDocpVNTo9uFFxw/NqJlh1iC4wQ9HKKWGCKuZ5wUgS0v6Kg==}

  '@better-fetch/fetch@1.1.21':
    resolution: {integrity: sha512-/ImESw0sskqlVR94jB+5+Pxjf+xBwDZF/N5+y2/q4EqD7IARUTSpPfIo8uf39SYpCxyOCtbyYpUrZ3F/k0zT4A==}

  '@inquirer/ansi@1.0.2':
    resolution: {integrity: sha512-S8qNSZiYzFd0wAcyG5AXCvUHC5Sr7xpZ9wZ2py9XR88jUz8wooStVx5M6dRzczbBWjic9NP7+rY0Xi7qqK/aMQ==}
    engines: {node: '>=18'}

  '@inquirer/confirm@5.1.21':
    resolution: {integrity: sha512-KR8edRkIsUayMXV+o3Gv+q4jlhENF9nMYUZs9PA2HzrXeHI8M5uDag70U7RJn9yyiMZSbtF5/UexBtAVtZGSbQ==}
    engines: {node: '>=18'}
    peerDependencies:
      '@types/node': '>=18'
    peerDependenciesMeta:
      '@types/node':
        optional: true

  '@inquirer/core@10.3.2':
    resolution: {integrity: sha512-43RTuEbfP8MbKzedNqBrlhhNKVwoK//vUFNW3Q3vZ88BLcrs4kYpGg+B2mm5p2K/HfygoCxuKwJJiv8PbGmE0A==}
    engines: {node: '>=18'}
    peerDependencies:
      '@types/node': '>=18'
    peerDependenciesMeta:
      '@types/node':
        optional: true

  '@inquirer/figures@1.0.15':
    resolution: {integrity: sha512-t2IEY+unGHOzAaVM5Xx6DEWKeXlDDcNPeDyUpsRc6CUhBfU3VQOEl+Vssh7VNp1dR8MdUJBWhuObjXCsVpjN5g==}
    engines: {node: '>=18'}

  '@inquirer/type@3.0.10':
    resolution: {integrity: sha512-BvziSRxfz5Ov8ch0z/n3oijRSEcEsHnhggm4xFZe93DHcUCTlutlq9Ox4SVENAfcRD22UQq7T/atg9Wr3k09eA==}
    engines: {node: '>=18'}
    peerDependencies:
      '@types/node': '>=18'
    peerDependenciesMeta:
      '@types/node':
        optional: true

  '@mswjs/interceptors@0.41.0':
    resolution: {integrity: sha512-edAo9bW53BLYeSK+UPRr2Iz1Fj9DeGMjytvVM0HXRoo750ElWUgPsZPAOTQa12EUiwgDErH2PsFNTLvk1jBxjQ==}
    engines: {node: '>=18'}

  '@noble/ciphers@2.1.1':
    resolution: {integrity: sha512-bysYuiVfhxNJuldNXlFEitTVdNnYUc+XNJZd7Qm2a5j1vZHgY+fazadNFWFaMK/2vye0JVlxV3gHmC0WDfAOQw==}
    engines: {node: '>= 20.19.0'}

  '@noble/hashes@2.0.1':
    resolution: {integrity: sha512-XlOlEbQcE9fmuXxrVTXCTlG2nlRXa9Rj3rr5Ue/+tX+nmkgbX720YHh0VR3hBF9xDvwnb8D2shVGOwNx+ulArw==}
    engines: {node: '>= 20.19.0'}

  '@open-draft/deferred-promise@2.2.0':
    resolution: {integrity: sha512-CecwLWx3rhxVQF6V4bAgPS5t+So2sTbPgAzafKkVizyi7tlwpcFpdFqq+wqF2OwNBmqFuu6tOyouTuxgpMfzmA==}

  '@open-draft/logger@0.3.0':
    resolution: {integrity: sha512-X2g45fzhxH238HKO4xbSr7+wBS8Fvw6ixhTDuvLd5mqh6bJJCFAPwU9mPDxbcrRtfxv4u5IHCEH77BmxvXmmxQ==}

  '@open-draft/until@2.1.0':
    resolution: {integrity: sha512-U69T3ItWHvLwGg5eJ0n3I62nWuE6ilHlmz7zM0npLBRvPRd7e6NYmg54vvRtP5mZG7kZqZCFVdsTWo7BPtBujg==}

  '@opentelemetry/api@1.9.0':
    resolution: {integrity: sha512-3giAOQvZiH5F9bMlMiv8+GSPMeqg0dbaeo58/0SlA9sxSqZhnUtxzX9/2FzyhS9sWQf5S0GJE0AKBrFqjpeYcg==}
    engines: {node: '>=8.0.0'}

  '@standard-schema/spec@1.1.0':
    resolution: {integrity: sha512-l2aFy5jALhniG5HgqrD6jXLi/rUWrKvqN/qJx6yoJsgKhblVd+iqqU4RCXavm/jPityDo5TCvKMnpjKnOriy0w==}

  '@types/diff-match-patch@1.0.36':
    resolution: {integrity: sha512-xFdR6tkm0MWvBfO8xXCSsinYxHcqkQUlcHeSpMC2ukzOb6lwQAfDmW+Qt0AvlGd8HpsS28qKsB+oPeJn9I39jg==}

  '@types/statuses@2.0.6':
    resolution: {integrity: sha512-xMAgYwceFhRA2zY+XbEA7mxYbA093wdiW8Vu6gZPGWy9cmOyU9XesH1tNcEWsKFd5Vzrqx5T3D38PWx1FIIXkA==}

  '@vercel/oidc@3.1.0':
    resolution: {integrity: sha512-Fw28YZpRnA3cAHHDlkt7xQHiJ0fcL+NRcIqsocZQUSmbzeIKRpwttJjik5ZGanXP+vlA4SbTg+AbA3bP363l+w==}
    engines: {node: '>= 20'}

  ai@4.3.19:
    resolution: {integrity: sha512-dIE2bfNpqHN3r6IINp9znguYdhIOheKW2LDigAMrgt/upT3B8eBGPSCblENvaZGoq+hxaN9fSMzjWpbqloP+7Q==}
    engines: {node: '>=18'}
    peerDependencies:
      react: ^18 || ^19 || ^19.0.0-rc
      zod: ^3.23.8
    peerDependenciesMeta:
      react:
        optional: true

  ai@5.0.126:
    resolution: {integrity: sha512-eXR9ZuyojCGLf1JNj3iwyrABTEjX9pJd/SQ0OOLzcotrXoTjQ/2CJ5JwcUbRu0jzWlKCsXDH4kv57D1jOAQR8w==}
    engines: {node: '>=18'}
    peerDependencies:
      zod: ^3.25.76 || ^4.1.8

  ansi-regex@5.0.1:
    resolution: {integrity: sha512-quJQXlTSUGL2LH9SUXo8VwsY4soanhgo6LNSm84E1LBcE8s3O0wpdiRzyR9z/ZZJMlMWv37qOOb9pdJlMUEKFQ==}
    engines: {node: '>=8'}

  ansi-styles@4.3.0:
    resolution: {integrity: sha512-zbB9rCJAT1rbjiVDb2hqKFHNYLxgtk8NURxZ3IZwD3F6NtxbXZQCnnSi1Lkx+IDohdPlFp222wVALIheZJQSEg==}
    engines: {node: '>=8'}

  better-auth@1.5.3:
    resolution: {integrity: sha512-E+9kA9GMX1+gT3FfMCqRz0NufT4X/+tNhpOsHW1jLmyPZKinkHtfZkUffSBnG5qGkvfBaH/slT5c1fKttnmF5w==}
    peerDependencies:
      '@better-auth/drizzle-adapter': 1.5.3
      '@better-auth/mongo-adapter': 1.5.3
      '@better-auth/prisma-adapter': 1.5.3
      '@lynx-js/react': '*'
      '@prisma/client': ^5.0.0 || ^6.0.0 || ^7.0.0
      '@sveltejs/kit': ^2.0.0
      '@tanstack/react-start': ^1.0.0
      '@tanstack/solid-start': ^1.0.0
      better-sqlite3: ^12.0.0
      drizzle-kit: '>=0.31.4'
      drizzle-orm: '>=0.41.0'
      mongodb: ^6.0.0 || ^7.0.0
      mysql2: ^3.0.0
      next: ^14.0.0 || ^15.0.0 || ^16.0.0
      pg: ^8.0.0
      prisma: ^5.0.0 || ^6.0.0 || ^7.0.0
      react: ^18.0.0 || ^19.0.0
      react-dom: ^18.0.0 || ^19.0.0
      solid-js: ^1.0.0
      svelte: ^4.0.0 || ^5.0.0
      vitest: ^2.0.0 || ^3.0.0 || ^4.0.0
      vue: ^3.0.0
    peerDependenciesMeta:
      '@better-auth/drizzle-adapter':
        optional: true
      '@better-auth/mongo-adapter':
        optional: true
      '@better-auth/prisma-adapter':
        optional: true
      '@lynx-js/react':
        optional: true
      '@prisma/client':
        optional: true
      '@sveltejs/kit':
        optional: true
      '@tanstack/react-start':
        optional: true
      '@tanstack/solid-start':
        optional: true
      better-sqlite3:
        optional: true
      drizzle-kit:
        optional: true
      drizzle-orm:
        optional: true
      mongodb:
        optional: true
      mysql2:
        optional: true
      next:
        optional: true
      pg:
        optional: true
      prisma:
        optional: true
      react:
        optional: true
      react-dom:
        optional: true
      solid-js:
        optional: true
      svelte:
        optional: true
      vitest:
        optional: true
      vue:
        optional: true

  better-call@1.3.2:
    resolution: {integrity: sha512-4cZIfrerDsNTn3cm+MhLbUePN0gdwkhSXEuG7r/zuQ8c/H7iU0/jSK5TD3FW7U0MgKHce/8jGpPYNO4Ve+4NBw==}
    peerDependencies:
      zod: ^4.0.0
    peerDependenciesMeta:
      zod:
        optional: true

  chalk@5.6.2:
    resolution: {integrity: sha512-7NzBL0rN6fMUW+f7A6Io4h40qQlG+xGmtMxfbnH/K7TAtt8JQWVQK+6g0UXKMeVJoyV5EkkNsErQ8pVD3bLHbA==}
    engines: {node: ^12.17.0 || ^14.13 || >=16.0.0}

  cli-width@4.1.0:
    resolution: {integrity: sha512-ouuZd4/dm2Sw5Gmqy6bGyNNNe1qt9RpmxveLSO7KcgsTnU7RXfsw+/bukWGo1abgBiMAic068rclZsO4IWmmxQ==}
    engines: {node: '>= 12'}

  cliui@8.0.1:
    resolution: {integrity: sha512-BSeNnyus75C4//NQ9gQt1/csTXyo/8Sb+afLAkzAptFuMsod9HFokGNudZpi/oQV73hnVK+sR+5PVRMd+Dr7YQ==}
    engines: {node: '>=12'}

  color-convert@2.0.1:
    resolution: {integrity: sha512-RRECPsj7iu/xb5oKYcsFHSppFNnsj/52OVTRKb4zP5onXwVF3zVmmToNcOfGC+CRDpfK/U584fMg38ZHCaElKQ==}
    engines: {node: '>=7.0.0'}

  color-name@1.1.4:
    resolution: {integrity: sha512-dOy+3AuW3a2wNbZHIuMZpTcgjGuLU/uBL/ubcZF9OXbDo8ff4O8yVp5Bf0efS8uEoYo5q4Fx7dY9OgQGXgAsQA==}

  cookie@1.1.1:
    resolution: {integrity: sha512-ei8Aos7ja0weRpFzJnEA9UHJ/7XQmqglbRwnf2ATjcB9Wq874VKH9kfjjirM6UhU2/E5fFYadylyhFldcqSidQ==}
    engines: {node: '>=18'}

  defu@6.1.4:
    resolution: {integrity: sha512-mEQCMmwJu317oSz8CwdIOdwf3xMif1ttiM8LTufzc3g6kR+9Pe236twL8j3IYT1F7GfRgGcW6MWxzZjLIkuHIg==}

  dequal@2.0.3:
    resolution: {integrity: sha512-0je+qPKHEMohvfRTCEo3CrPG6cAzAYgmzKyxRiYSSDkS6eGJdyVJm7WaYA5ECaAD9wLB2T4EEeymA5aFVcYXCA==}
    engines: {node: '>=6'}

  diff-match-patch@1.0.5:
    resolution: {integrity: sha512-IayShXAgj/QMXgB0IWmKx+rOPuGMhqm5w6jvFxmVenXKIzRqTAAsbBPT3kWQeGANj3jGgvcvv4yK6SxqYmikgw==}

  emoji-regex@8.0.0:
    resolution: {integrity: sha512-MSjYzcWNOA0ewAHpz0MxpYFvwg6yjy1NG3xteoqz644VCo/RPgnr1/GGt+ic3iJTzQ8Eu3TdM14SawnVUmGE6A==}

  escalade@3.2.0:
    resolution: {integrity: sha512-WUj2qlxaQtO4g6Pq5c29GTcWGDyd8itL8zTlipgECz3JesAiiOKotd8JU6otB3PACgG6xkJUyVhboMS+bje/jA==}
    engines: {node: '>=6'}

  eventsource-parser@3.0.6:
    resolution: {integrity: sha512-Vo1ab+QXPzZ4tCa8SwIHJFaSzy4R6SHf7BY79rFBDf0idraZWAkYrDjDj8uWaSm3S2TK+hJ7/t1CEmZ7jXw+pg==}
    engines: {node: '>=18.0.0'}

  fetch-to-node@2.1.0:
    resolution: {integrity: sha512-Wq05j6LE1GrWpT2t1YbCkyFY6xKRJq3hx/oRJdWEJpZlik3g25MmdJS6RFm49iiMJw6zpZuBOrgihOgy2jGyAA==}

  get-caller-file@2.0.5:
    resolution: {integrity: sha512-DyFP3BM/3YHTQOCUL/w0OZHR0lpKeGrxotcHWcqNEdnltqFwXVfhEBQ94eIo34AfQpo0rGki4cyIiftY06h2Fg==}
    engines: {node: 6.* || 8.* || >= 10.*}

  graphql@16.12.0:
    resolution: {integrity: sha512-DKKrynuQRne0PNpEbzuEdHlYOMksHSUI8Zc9Unei5gTsMNA2/vMpoMz/yKba50pejK56qj98qM0SjYxAKi13gQ==}
    engines: {node: ^12.22.0 || ^14.16.0 || ^16.0.0 || >=17.0.0}

  headers-polyfill@4.0.3:
    resolution: {integrity: sha512-IScLbePpkvO846sIwOtOTDjutRMWdXdJmXdMvk6gCBHxFO8d+QKOQedyZSxFTTFYRSmlgSTDtXqqq4pcenBXLQ==}

  is-fullwidth-code-point@3.0.0:
    resolution: {integrity: sha512-zymm5+u+sCsSWyD9qNaejV3DFvhCKclKdizYaJUuHA83RLjb7nSuGnddCHGv0hk+KY7BMAlsWeK4Ueg6EV6XQg==}
    engines: {node: '>=8'}

  is-node-process@1.2.0:
    resolution: {integrity: sha512-Vg4o6/fqPxIjtxgUH5QLJhwZ7gW5diGCVlXpuUfELC62CuxM1iHcRe51f2W1FDy04Ai4KJkagKjx3XaqyfRKXw==}

  jose@6.2.0:
    resolution: {integrity: sha512-xsfE1TcSCbUdo6U07tR0mvhg0flGxU8tPLbF03mirl2ukGQENhUg4ubGYQnhVH0b5stLlPM+WOqDkEl1R1y5sQ==}

  json-schema@0.4.0:
    resolution: {integrity: sha512-es94M3nTIfsEPisRafak+HDLfHXnKBhV3vU5eqPcS3flIWqcxJWgXHXiey3YrpaNsanY5ei1VoYEbOzijuq9BA==}

  jsondiffpatch@0.6.0:
    resolution: {integrity: sha512-3QItJOXp2AP1uv7waBkao5nCvhEv+QmJAd38Ybq7wNI74Q+BBmnLn4EDKz6yI9xGAIQoUF87qHt+kc1IVxB4zQ==}
    engines: {node: ^18.0.0 || >=20.0.0}
    hasBin: true

  kysely@0.28.11:
    resolution: {integrity: sha512-zpGIFg0HuoC893rIjYX1BETkVWdDnzTzF5e0kWXJFg5lE0k1/LfNWBejrcnOFu8Q2Rfq/hTDTU7XLUM8QOrpzg==}
    engines: {node: '>=20.0.0'}

  msw@2.12.8:
    resolution: {integrity: sha512-KOriJUhjefCO+liF7Ie1KlSXcBAQEzuLhPZ4EKuEUSEmAR4YhuuzT9YuGxTipjqDrg6eWQ6oMoGVhvEnqukFGg==}
    engines: {node: '>=18'}
    hasBin: true
    peerDependencies:
      typescript: '>= 4.8.x'
    peerDependenciesMeta:
      typescript:
        optional: true

  mute-stream@2.0.0:
    resolution: {integrity: sha512-WWdIxpyjEn+FhQJQQv9aQAYlHoNVdzIzUySNV1gHUPDSdZJ3yZn7pAAbQcV7B56Mvu881q9FZV+0Vx2xC44VWA==}
    engines: {node: ^18.17.0 || >=20.5.0}

  nanoid@3.3.11:
    resolution: {integrity: sha512-N8SpfPUnUp1bK+PMYW8qSWdl9U+wwNWI4QKxOYDy9JAro3WMX7p2OeVRF9v+347pnakNevPmiHhNmZ2HbFA76w==}
    engines: {node: ^10 || ^12 || ^13.7 || ^14 || >=15.0.1}
    hasBin: true

  nanostores@1.1.1:
    resolution: {integrity: sha512-EYJqS25r2iBeTtGQCHidXl1VfZ1jXM7Q04zXJOrMlxVVmD0ptxJaNux92n1mJ7c5lN3zTq12MhH/8x59nP+qmg==}
    engines: {node: ^20.0.0 || >=22.0.0}

  outvariant@1.4.3:
    resolution: {integrity: sha512-+Sl2UErvtsoajRDKCE5/dBz4DIvHXQQnAxtQTF04OJxY0+DyZXSo5P5Bb7XYWOh81syohlYL24hbDwxedPUJCA==}

  path-to-regexp@6.3.0:
    resolution: {integrity: sha512-Yhpw4T9C6hPpgPeA28us07OJeqZ5EzQTkbfwuhsUg0c237RomFoETJgmp2sa3F/41gfLE6G5cqcYwznmeEeOlQ==}

  picocolors@1.1.1:
    resolution: {integrity: sha512-xceH2snhtb5M9liqDsmEw56le376mTZkEX/jEb/RxNFyegNul7eNslCXP9FDj/Lcu0X8KEyMceP2ntpaHrDEVA==}

  react@19.2.4:
    resolution: {integrity: sha512-9nfp2hYpCwOjAN+8TZFGhtWEwgvWHXqESH8qT89AT/lWklpLON22Lc8pEtnpsZz7VmawabSU0gCjnj8aC0euHQ==}
    engines: {node: '>=0.10.0'}

  require-directory@2.1.1:
    resolution: {integrity: sha512-fGxEI7+wsG9xrvdjsrlmL22OMTTiHRwAMroiEeMgq8gzoLC/PQr7RsRDSTLUg/bZAZtF+TVIkHc6/4RIKrui+Q==}
    engines: {node: '>=0.10.0'}

  rettime@0.10.1:
    resolution: {integrity: sha512-uyDrIlUEH37cinabq0AX4QbgV4HbFZ/gqoiunWQ1UqBtRvTTytwhNYjE++pO/MjPTZL5KQCf2bEoJ/BJNVQ5Kw==}

  rou3@0.7.12:
    resolution: {integrity: sha512-iFE4hLDuloSWcD7mjdCDhx2bKcIsYbtOTpfH5MHHLSKMOUyjqQXTeZVa289uuwEGEKFoE/BAPbhaU4B774nceg==}

  secure-json-parse@2.7.0:
    resolution: {integrity: sha512-6aU+Rwsezw7VR8/nyvKTx8QpWH9FrcYiXXlqC4z5d5XQBDRqtbfsRjnwGyqbi3gddNtWHuEk9OANUotL26qKUw==}

  set-cookie-parser@3.0.1:
    resolution: {integrity: sha512-n7Z7dXZhJbwuAHhNzkTti6Aw9QDDjZtm3JTpTGATIdNzdQz5GuFs22w90BcvF4INfnrL5xrX3oGsuqO5Dx3A1Q==}

  signal-exit@4.1.0:
    resolution: {integrity: sha512-bzyZ1e88w9O1iNJbKnOlvYTrWPDl46O1bG0D3XInv+9tkPrxrN8jUUTiFlDkkmKWgn1M6CfIA13SuGqOa9Korw==}
    engines: {node: '>=14'}

  statuses@2.0.2:
    resolution: {integrity: sha512-DvEy55V3DB7uknRo+4iOGT5fP1slR8wQohVdknigZPMpMstaKJQWhwiYBACJE3Ul2pTnATihhBYnRhZQHGBiRw==}
    engines: {node: '>= 0.8'}

  strict-event-emitter@0.5.1:
    resolution: {integrity: sha512-vMgjE/GGEPEFnhFub6pa4FmJBRBVOLpIII2hvCZ8Kzb7K0hlHo7mQv6xYrBvCL2LtAIBwFUK8wvuJgTVSQ5MFQ==}

  string-width@4.2.3:
    resolution: {integrity: sha512-wKyQRQpjJ0sIp62ErSZdGsjMJWsap5oRNihHhu6G7JVO/9jIB6UyevL+tXuOqrng8j/cxKTWyWUwvSTriiZz/g==}
    engines: {node: '>=8'}

  strip-ansi@6.0.1:
    resolution: {integrity: sha512-Y38VPSHcqkFrCpFnQ9vuSXmquuv5oXOKpGeT6aGrr3o3Gc9AlVa6JBfUSOCnbxGGZF+/0ooI7KrPuUSztUdU5A==}
    engines: {node: '>=8'}

  swr@2.4.0:
    resolution: {integrity: sha512-sUlC20T8EOt1pHmDiqueUWMmRRX03W7w5YxovWX7VR2KHEPCTMly85x05vpkP5i6Bu4h44ePSMD9Tc+G2MItFw==}
    peerDependencies:
      react: ^16.11.0 || ^17.0.0 || ^18.0.0 || ^19.0.0

  tagged-tag@1.0.0:
    resolution: {integrity: sha512-yEFYrVhod+hdNyx7g5Bnkkb0G6si8HJurOoOEgC8B/O0uXLHlaey/65KRv6cuWBNhBgHKAROVpc7QyYqE5gFng==}
    engines: {node: '>=20'}

  throttleit@2.1.0:
    resolution: {integrity: sha512-nt6AMGKW1p/70DF/hGBdJB57B8Tspmbp5gfJ8ilhLnt7kkr2ye7hzD6NVG8GGErk2HWF34igrL2CXmNIkzKqKw==}
    engines: {node: '>=18'}

  tldts-core@7.0.22:
    resolution: {integrity: sha512-KgbTDC5wzlL6j/x6np6wCnDSMUq4kucHNm00KXPbfNzmllCmtmvtykJHfmgdHntwIeupW04y8s1N/43S1PkQDw==}

  tldts@7.0.22:
    resolution: {integrity: sha512-nqpKFC53CgopKPjT6Wfb6tpIcZXHcI6G37hesvikhx0EmUGPkZrujRyAjgnmp1SHNgpQfKVanZ+KfpANFt2Hxw==}
    hasBin: true

  tough-cookie@6.0.0:
    resolution: {integrity: sha512-kXuRi1mtaKMrsLUxz3sQYvVl37B0Ns6MzfrtV5DvJceE9bPyspOqk9xxv7XbZWcfLWbFmm997vl83qUWVJA64w==}
    engines: {node: '>=16'}

  type-fest@5.4.3:
    resolution: {integrity: sha512-AXSAQJu79WGc79/3e9/CR77I/KQgeY1AhNvcShIH4PTcGYyC4xv6H4R4AUOwkPS5799KlVDAu8zExeCrkGquiA==}
    engines: {node: '>=20'}

  typescript@5.9.3:
    resolution: {integrity: sha512-jl1vZzPDinLr9eUt3J/t7V6FgNEw9QjvBPdysz9KfQDD41fQrC2Y4vKQdiaUpFT4bXlb1RHhLpp8wtm6M5TgSw==}
    engines: {node: '>=14.17'}
    hasBin: true

  until-async@3.0.2:
    resolution: {integrity: sha512-IiSk4HlzAMqTUseHHe3VhIGyuFmN90zMTpD3Z3y8jeQbzLIq500MVM7Jq2vUAnTKAFPJrqwkzr6PoTcPhGcOiw==}

  use-sync-external-store@1.6.0:
    resolution: {integrity: sha512-Pp6GSwGP/NrPIrxVFAIkOQeyw8lFenOHijQWkUTrDvrF4ALqylP2C/KCkeS9dpUM3KvYRQhna5vt7IL95+ZQ9w==}
    peerDependencies:
      react: ^16.8.0 || ^17.0.0 || ^18.0.0 || ^19.0.0

  wrap-ansi@6.2.0:
    resolution: {integrity: sha512-r6lPcBGxZXlIcymEu7InxDMhdW0KDxpLgoFLcguasxCaJ/SOIZwINatK9KY/tf+ZrlywOKU0UDj3ATXUBfxJXA==}
    engines: {node: '>=8'}

  wrap-ansi@7.0.0:
    resolution: {integrity: sha512-YVGIj2kamLSTxw6NsZjoBxfSwsn0ycdesmc4p+Q21c5zPuZ1pl+NfxVdxPtdHvmNVOQ6XSYG4AUtyt/Fi7D16Q==}
    engines: {node: '>=10'}

  y18n@5.0.8:
    resolution: {integrity: sha512-0pfFzegeDWJHJIAmTLRP2DwHjdF5s7jo9tuztdQxAhINCdvS+3nGINqPd00AphqJR/0LhANUS6/+7SCb98YOfA==}
    engines: {node: '>=10'}

  yargs-parser@21.1.1:
    resolution: {integrity: sha512-tVpsJW7DdjecAiFpbIB1e3qxIQsE6NoPc5/eTdrbbIC4h0LVsWhnoa3g+m2HclBIujHzsxZ4VJVA+GUuc2/LBw==}
    engines: {node: '>=12'}

  yargs@17.7.2:
    resolution: {integrity: sha512-7dSzzRQ++CKnNI/krKnYRV7JKKPUXMEh61soaHKg9mrWEhzFWhFnxPxGl+69cD1Ou63C13NUPCnmIcrvqCuM6w==}
    engines: {node: '>=12'}

  yoctocolors-cjs@2.1.3:
    resolution: {integrity: sha512-U/PBtDf35ff0D8X8D0jfdzHYEPFxAI7jJlxZXwCSez5M3190m+QobIfh+sWDWSHMCWWJN2AWamkegn6vr6YBTw==}
    engines: {node: '>=18'}

  zod-to-json-schema@3.25.1:
    resolution: {integrity: sha512-pM/SU9d3YAggzi6MtR4h7ruuQlqKtad8e9S0fmxcMi+ueAK5Korys/aWcV9LIIHTVbj01NdzxcnXSN+O74ZIVA==}
    peerDependencies:
      zod: ^3.25 || ^4

  zod@4.3.6:
    resolution: {integrity: sha512-rftlrkhHZOcjDwkGlnUtZZkvaPHCsDATp4pGpuOOMDaTdDDXF91wuVDJoWoPsKX/3YPQ5fHuF3STjcYyKr+Qhg==}

snapshots:

  '@ai-sdk/gateway@2.0.32(zod@4.3.6)':
    dependencies:
      '@ai-sdk/provider': 2.0.1
      '@ai-sdk/provider-utils': 3.0.20(zod@4.3.6)
      '@vercel/oidc': 3.1.0
      zod: 4.3.6

  '@ai-sdk/google@1.2.22(zod@4.3.6)':
    dependencies:
      '@ai-sdk/provider': 1.1.3
      '@ai-sdk/provider-utils': 2.2.8(zod@4.3.6)
      zod: 4.3.6

  '@ai-sdk/openai@1.3.24(zod@4.3.6)':
    dependencies:
      '@ai-sdk/provider': 1.1.3
      '@ai-sdk/provider-utils': 2.2.8(zod@4.3.6)
      zod: 4.3.6

  '@ai-sdk/openai@2.0.15(zod@4.3.6)':
    dependencies:
      '@ai-sdk/provider': 2.0.0
      '@ai-sdk/provider-utils': 3.0.3(zod@4.3.6)
      zod: 4.3.6

  '@ai-sdk/provider-utils@2.2.8(zod@4.3.6)':
    dependencies:
      '@ai-sdk/provider': 1.1.3
      nanoid: 3.3.11
      secure-json-parse: 2.7.0
      zod: 4.3.6

  '@ai-sdk/provider-utils@3.0.20(zod@4.3.6)':
    dependencies:
      '@ai-sdk/provider': 2.0.1
      '@standard-schema/spec': 1.1.0
      eventsource-parser: 3.0.6
      zod: 4.3.6

  '@ai-sdk/provider-utils@3.0.3(zod@4.3.6)':
    dependencies:
      '@ai-sdk/provider': 2.0.0
      '@standard-schema/spec': 1.1.0
      eventsource-parser: 3.0.6
      zod: 4.3.6
      zod-to-json-schema: 3.25.1(zod@4.3.6)

  '@ai-sdk/provider@1.1.3':
    dependencies:
      json-schema: 0.4.0

  '@ai-sdk/provider@2.0.0':
    dependencies:
      json-schema: 0.4.0

  '@ai-sdk/provider@2.0.1':
    dependencies:
      json-schema: 0.4.0

  '@ai-sdk/react@1.2.12(react@19.2.4)(zod@4.3.6)':
    dependencies:
      '@ai-sdk/provider-utils': 2.2.8(zod@4.3.6)
      '@ai-sdk/ui-utils': 1.2.11(zod@4.3.6)
      react: 19.2.4
      swr: 2.4.0(react@19.2.4)
      throttleit: 2.1.0
    optionalDependencies:
      zod: 4.3.6

  '@ai-sdk/ui-utils@1.2.11(zod@4.3.6)':
    dependencies:
      '@ai-sdk/provider': 1.1.3
      '@ai-sdk/provider-utils': 2.2.8(zod@4.3.6)
      zod: 4.3.6
      zod-to-json-schema: 3.25.1(zod@4.3.6)

  '@better-auth/core@1.5.3(@better-auth/utils@0.3.1)(@better-fetch/fetch@1.1.21)(better-call@1.3.2(zod@4.3.6))(jose@6.2.0)(kysely@0.28.11)(nanostores@1.1.1)':
    dependencies:
      '@better-auth/utils': 0.3.1
      '@better-fetch/fetch': 1.1.21
      '@standard-schema/spec': 1.1.0
      better-call: 1.3.2(zod@4.3.6)
      jose: 6.2.0
      kysely: 0.28.11
      nanostores: 1.1.1
      zod: 4.3.6

  '@better-auth/kysely-adapter@1.5.3(@better-auth/core@1.5.3(@better-auth/utils@0.3.1)(@better-fetch/fetch@1.1.21)(better-call@1.3.2(zod@4.3.6))(jose@6.2.0)(kysely@0.28.11)(nanostores@1.1.1))(@better-auth/utils@0.3.1)(kysely@0.28.11)':
    dependencies:
      '@better-auth/core': 1.5.3(@better-auth/utils@0.3.1)(@better-fetch/fetch@1.1.21)(better-call@1.3.2(zod@4.3.6))(jose@6.2.0)(kysely@0.28.11)(nanostores@1.1.1)
      '@better-auth/utils': 0.3.1
      kysely: 0.28.11

  '@better-auth/memory-adapter@1.5.3(@better-auth/core@1.5.3(@better-auth/utils@0.3.1)(@better-fetch/fetch@1.1.21)(better-call@1.3.2(zod@4.3.6))(jose@6.2.0)(kysely@0.28.11)(nanostores@1.1.1))(@better-auth/utils@0.3.1)':
    dependencies:
      '@better-auth/core': 1.5.3(@better-auth/utils@0.3.1)(@better-fetch/fetch@1.1.21)(better-call@1.3.2(zod@4.3.6))(jose@6.2.0)(kysely@0.28.11)(nanostores@1.1.1)
      '@better-auth/utils': 0.3.1

  '@better-auth/telemetry@1.5.3(@better-auth/core@1.5.3(@better-auth/utils@0.3.1)(@better-fetch/fetch@1.1.21)(better-call@1.3.2(zod@4.3.6))(jose@6.2.0)(kysely@0.28.11)(nanostores@1.1.1))':
    dependencies:
      '@better-auth/core': 1.5.3(@better-auth/utils@0.3.1)(@better-fetch/fetch@1.1.21)(better-call@1.3.2(zod@4.3.6))(jose@6.2.0)(kysely@0.28.11)(nanostores@1.1.1)
      '@better-auth/utils': 0.3.1
      '@better-fetch/fetch': 1.1.21

  '@better-auth/utils@0.3.1': {}

  '@better-fetch/fetch@1.1.21': {}

  '@inquirer/ansi@1.0.2': {}

  '@inquirer/confirm@5.1.21':
    dependencies:
      '@inquirer/core': 10.3.2
      '@inquirer/type': 3.0.10

  '@inquirer/core@10.3.2':
    dependencies:
      '@inquirer/ansi': 1.0.2
      '@inquirer/figures': 1.0.15
      '@inquirer/type': 3.0.10
      cli-width: 4.1.0
      mute-stream: 2.0.0
      signal-exit: 4.1.0
      wrap-ansi: 6.2.0
      yoctocolors-cjs: 2.1.3

  '@inquirer/figures@1.0.15': {}

  '@inquirer/type@3.0.10': {}

  '@mswjs/interceptors@0.41.0':
    dependencies:
      '@open-draft/deferred-promise': 2.2.0
      '@open-draft/logger': 0.3.0
      '@open-draft/until': 2.1.0
      is-node-process: 1.2.0
      outvariant: 1.4.3
      strict-event-emitter: 0.5.1

  '@noble/ciphers@2.1.1': {}

  '@noble/hashes@2.0.1': {}

  '@open-draft/deferred-promise@2.2.0': {}

  '@open-draft/logger@0.3.0':
    dependencies:
      is-node-process: 1.2.0
      outvariant: 1.4.3

  '@open-draft/until@2.1.0': {}

  '@opentelemetry/api@1.9.0': {}

  '@standard-schema/spec@1.1.0': {}

  '@types/diff-match-patch@1.0.36': {}

  '@types/statuses@2.0.6': {}

  '@vercel/oidc@3.1.0': {}

  ai@4.3.19(react@19.2.4)(zod@4.3.6):
    dependencies:
      '@ai-sdk/provider': 1.1.3
      '@ai-sdk/provider-utils': 2.2.8(zod@4.3.6)
      '@ai-sdk/react': 1.2.12(react@19.2.4)(zod@4.3.6)
      '@ai-sdk/ui-utils': 1.2.11(zod@4.3.6)
      '@opentelemetry/api': 1.9.0
      jsondiffpatch: 0.6.0
      zod: 4.3.6
    optionalDependencies:
      react: 19.2.4

  ai@5.0.126(zod@4.3.6):
    dependencies:
      '@ai-sdk/gateway': 2.0.32(zod@4.3.6)
      '@ai-sdk/provider': 2.0.1
      '@ai-sdk/provider-utils': 3.0.20(zod@4.3.6)
      '@opentelemetry/api': 1.9.0
      zod: 4.3.6

  ansi-regex@5.0.1: {}

  ansi-styles@4.3.0:
    dependencies:
      color-convert: 2.0.1

  better-auth@1.5.3(react@19.2.4):
    dependencies:
      '@better-auth/core': 1.5.3(@better-auth/utils@0.3.1)(@better-fetch/fetch@1.1.21)(better-call@1.3.2(zod@4.3.6))(jose@6.2.0)(kysely@0.28.11)(nanostores@1.1.1)
      '@better-auth/kysely-adapter': 1.5.3(@better-auth/core@1.5.3(@better-auth/utils@0.3.1)(@better-fetch/fetch@1.1.21)(better-call@1.3.2(zod@4.3.6))(jose@6.2.0)(kysely@0.28.11)(nanostores@1.1.1))(@better-auth/utils@0.3.1)(kysely@0.28.11)
      '@better-auth/memory-adapter': 1.5.3(@better-auth/core@1.5.3(@better-auth/utils@0.3.1)(@better-fetch/fetch@1.1.21)(better-call@1.3.2(zod@4.3.6))(jose@6.2.0)(kysely@0.28.11)(nanostores@1.1.1))(@better-auth/utils@0.3.1)
      '@better-auth/telemetry': 1.5.3(@better-auth/core@1.5.3(@better-auth/utils@0.3.1)(@better-fetch/fetch@1.1.21)(better-call@1.3.2(zod@4.3.6))(jose@6.2.0)(kysely@0.28.11)(nanostores@1.1.1))
      '@better-auth/utils': 0.3.1
      '@better-fetch/fetch': 1.1.21
      '@noble/ciphers': 2.1.1
      '@noble/hashes': 2.0.1
      better-call: 1.3.2(zod@4.3.6)
      defu: 6.1.4
      jose: 6.2.0
      kysely: 0.28.11
      nanostores: 1.1.1
      zod: 4.3.6
    optionalDependencies:
      react: 19.2.4
    transitivePeerDependencies:
      - '@cloudflare/workers-types'

  better-call@1.3.2(zod@4.3.6):
    dependencies:
      '@better-auth/utils': 0.3.1
      '@better-fetch/fetch': 1.1.21
      rou3: 0.7.12
      set-cookie-parser: 3.0.1
    optionalDependencies:
      zod: 4.3.6

  chalk@5.6.2: {}

  cli-width@4.1.0: {}

  cliui@8.0.1:
    dependencies:
      string-width: 4.2.3
      strip-ansi: 6.0.1
      wrap-ansi: 7.0.0

  color-convert@2.0.1:
    dependencies:
      color-name: 1.1.4

  color-name@1.1.4: {}

  cookie@1.1.1: {}

  defu@6.1.4: {}

  dequal@2.0.3: {}

  diff-match-patch@1.0.5: {}

  emoji-regex@8.0.0: {}

  escalade@3.2.0: {}

  eventsource-parser@3.0.6: {}

  fetch-to-node@2.1.0: {}

  get-caller-file@2.0.5: {}

  graphql@16.12.0: {}

  headers-polyfill@4.0.3: {}

  is-fullwidth-code-point@3.0.0: {}

  is-node-process@1.2.0: {}

  jose@6.2.0: {}

  json-schema@0.4.0: {}

  jsondiffpatch@0.6.0:
    dependencies:
      '@types/diff-match-patch': 1.0.36
      chalk: 5.6.2
      diff-match-patch: 1.0.5

  kysely@0.28.11: {}

  msw@2.12.8(typescript@5.9.3):
    dependencies:
      '@inquirer/confirm': 5.1.21
      '@mswjs/interceptors': 0.41.0
      '@open-draft/deferred-promise': 2.2.0
      '@types/statuses': 2.0.6
      cookie: 1.1.1
      graphql: 16.12.0
      headers-polyfill: 4.0.3
      is-node-process: 1.2.0
      outvariant: 1.4.3
      path-to-regexp: 6.3.0
      picocolors: 1.1.1
      rettime: 0.10.1
      statuses: 2.0.2
      strict-event-emitter: 0.5.1
      tough-cookie: 6.0.0
      type-fest: 5.4.3
      until-async: 3.0.2
      yargs: 17.7.2
    optionalDependencies:
      typescript: 5.9.3
    transitivePeerDependencies:
      - '@types/node'

  mute-stream@2.0.0: {}

  nanoid@3.3.11: {}

  nanostores@1.1.1: {}

  outvariant@1.4.3: {}

  path-to-regexp@6.3.0: {}

  picocolors@1.1.1: {}

  react@19.2.4: {}

  require-directory@2.1.1: {}

  rettime@0.10.1: {}

  rou3@0.7.12: {}

  secure-json-parse@2.7.0: {}

  set-cookie-parser@3.0.1: {}

  signal-exit@4.1.0: {}

  statuses@2.0.2: {}

  strict-event-emitter@0.5.1: {}

  string-width@4.2.3:
    dependencies:
      emoji-regex: 8.0.0
      is-fullwidth-code-point: 3.0.0
      strip-ansi: 6.0.1

  strip-ansi@6.0.1:
    dependencies:
      ansi-regex: 5.0.1

  swr@2.4.0(react@19.2.4):
    dependencies:
      dequal: 2.0.3
      react: 19.2.4
      use-sync-external-store: 1.6.0(react@19.2.4)

  tagged-tag@1.0.0: {}

  throttleit@2.1.0: {}

  tldts-core@7.0.22: {}

  tldts@7.0.22:
    dependencies:
      tldts-core: 7.0.22

  tough-cookie@6.0.0:
    dependencies:
      tldts: 7.0.22

  type-fest@5.4.3:
    dependencies:
      tagged-tag: 1.0.0

  typescript@5.9.3: {}

  until-async@3.0.2: {}

  use-sync-external-store@1.6.0(react@19.2.4):
    dependencies:
      react: 19.2.4

  wrap-ansi@6.2.0:
    dependencies:
      ansi-styles: 4.3.0
      string-width: 4.2.3
      strip-ansi: 6.0.1

  wrap-ansi@7.0.0:
    dependencies:
      ansi-styles: 4.3.0
      string-width: 4.2.3
      strip-ansi: 6.0.1

  y18n@5.0.8: {}

  yargs-parser@21.1.1: {}

  yargs@17.7.2:
    dependencies:
      cliui: 8.0.1
      escalade: 3.2.0
      get-caller-file: 2.0.5
      require-directory: 2.1.1
      string-width: 4.2.3
      y18n: 5.0.8
      yargs-parser: 21.1.1

  yoctocolors-cjs@2.1.3: {}

  zod-to-json-schema@3.25.1(zod@4.3.6):
    dependencies:
      zod: 4.3.6

  zod@4.3.6: {}
