lockfileVersion: '9.0'

settings:
  autoInstallPeers: true
  excludeLinksFromLockfile: false

overrides:
  mastra: link:../../../../packages/cli
  '@mastra/core': link:../../../../packages/core
  '@mastra/loggers': link:../../../../packages/loggers
  '@mastra/memory': link:../../../../packages/memory
  '@mastra/libsql': link:../../../../stores/libsql
  '@mastra/editor': link:../../../../packages/editor
  '@mastra/mcp': link:../../../../packages/mcp

importers:
  .:
    dependencies:
      '@ai-sdk/openai':
        specifier: ^2.0.103
        version: 2.0.104(zod@4.3.6)
      '@mastra/core':
        specifier: link:../../../core
        version: link:../../../core
      '@mastra/editor':
        specifier: link:../../../editor
        version: link:../../../editor
      '@mastra/libsql':
        specifier: link:../../../../stores/libsql
        version: link:../../../../stores/libsql
      '@mastra/loggers':
        specifier: link:../../../loggers
        version: link:../../../loggers
      '@mastra/mcp':
        specifier: link:../../../mcp
        version: link:../../../mcp
      '@mastra/memory':
        specifier: link:../../../memory
        version: link:../../../memory
      ai:
        specifier: 5.1.0-beta.28
        version: 5.1.0-beta.28(zod@4.3.6)
      mastra:
        specifier: link:../../../cli
        version: link:../../../cli
      zod:
        specifier: ^4.3.6
        version: 4.3.6
    devDependencies:
      '@types/node':
        specifier: 22.19.15
        version: 22.19.15
      typescript:
        specifier: ^5.9.3
        version: 5.9.3

packages:
  '@ai-sdk/gateway@1.1.0-beta.19':
    resolution:
      { integrity: sha512-O/XD8KdVrMIt/S7l+0QqdiyCL2PEC2CGM8i31bn/5P2JsPMdfDI9LX/VK4lLWNfuWCQePFnmiondnYnoqKF+Hg== }
    engines: { node: '>=18' }
    peerDependencies:
      zod: ^3.25.76 || ^4.1.8

  '@ai-sdk/openai@2.0.104':
    resolution:
      { integrity: sha512-pRK41FjpaHvq0tNO0c+Ye9WfrdBLmPVMPivXC4Z9fpqBKcUsmh9bo0xdPt6dEQtD/si8ygoMn4Q+6yj83NwiRg== }
    engines: { node: '>=18' }
    peerDependencies:
      zod: ^3.25.76 || ^4.1.8

  '@ai-sdk/provider-utils@3.0.24':
    resolution:
      { integrity: sha512-Zq6olgYvpMgfstQNpDwgqDC2wBEE+OnMnMuq4JyIu+aWjL8JJl+6u1sbKJNPxASErWrRlmOPIkat2fHiN4puhA== }
    engines: { node: '>=18' }
    peerDependencies:
      zod: ^3.25.76 || ^4.1.8

  '@ai-sdk/provider-utils@3.1.0-beta.9':
    resolution:
      { integrity: sha512-WlKYWOP0bVWadrzKCWE9FcTTCYyNjR/8lTCIaFea1wiqZ+uqgC+91vcC0wtwuAyHr306o/bgeAZxRq8gF/0SMg== }
    engines: { node: '>=18' }
    peerDependencies:
      zod: ^3.25.76 || ^4.1.8

  '@ai-sdk/provider@2.0.2':
    resolution:
      { integrity: sha512-Epf0oKdUxNRK97Qm4l/Sp05TnwzE8FsyRF5p6nncOp8zH0GTuwK2uZoyzE/3uVjRdZNLyQ6Jw/SBjlOScMQy1Q== }
    engines: { node: '>=18' }

  '@ai-sdk/provider@2.1.0-beta.5':
    resolution:
      { integrity: sha512-gu/aV+8iTb0IjHmFO6eDuevp4E0fbtXqSj0RcKPttgedAbWY3uMe+vVgfe/j3bfbQfN7FjGkFDLS0xIirga7pA== }
    engines: { node: '>=18' }

  '@opentelemetry/api@1.9.0':
    resolution:
      { integrity: sha512-3giAOQvZiH5F9bMlMiv8+GSPMeqg0dbaeo58/0SlA9sxSqZhnUtxzX9/2FzyhS9sWQf5S0GJE0AKBrFqjpeYcg== }
    engines: { node: '>=8.0.0' }

  '@standard-schema/spec@1.1.0':
    resolution:
      { integrity: sha512-l2aFy5jALhniG5HgqrD6jXLi/rUWrKvqN/qJx6yoJsgKhblVd+iqqU4RCXavm/jPityDo5TCvKMnpjKnOriy0w== }

  '@types/node@22.19.15':
    resolution:
      { integrity: sha512-F0R/h2+dsy5wJAUe3tAU6oqa2qbWY5TpNfL/RGmo1y38hiyO1w3x2jPtt76wmuaJI4DQnOBu21cNXQ2STIUUWg== }

  '@vercel/oidc@3.2.1':
    resolution:
      { integrity: sha512-UUqZ2y+VXHgVH1Luoo+477/NcrO4X+ln38U70ldRgGiWJAuHhtjTm7cCAnyLkl2feg7ZmTBK3F1kvJKFEQc01w== }
    engines: { node: '>= 20' }

  ai@5.1.0-beta.28:
    resolution:
      { integrity: sha512-MMGM5h3hB2ty9aeOYKyYkhdy8SW298Bgo3k+388+mfgAPbJUDOzIexnk6KynUXHwls5y/tUBafHe0v2YAupPbg== }
    engines: { node: '>=18' }
    peerDependencies:
      zod: ^3.25.76 || ^4.1.8

  eventsource-parser@3.0.6:
    resolution:
      { integrity: sha512-Vo1ab+QXPzZ4tCa8SwIHJFaSzy4R6SHf7BY79rFBDf0idraZWAkYrDjDj8uWaSm3S2TK+hJ7/t1CEmZ7jXw+pg== }
    engines: { node: '>=18.0.0' }

  json-schema@0.4.0:
    resolution:
      { integrity: sha512-es94M3nTIfsEPisRafak+HDLfHXnKBhV3vU5eqPcS3flIWqcxJWgXHXiey3YrpaNsanY5ei1VoYEbOzijuq9BA== }

  typescript@5.9.3:
    resolution:
      { integrity: sha512-jl1vZzPDinLr9eUt3J/t7V6FgNEw9QjvBPdysz9KfQDD41fQrC2Y4vKQdiaUpFT4bXlb1RHhLpp8wtm6M5TgSw== }
    engines: { node: '>=14.17' }
    hasBin: true

  undici-types@6.21.0:
    resolution:
      { integrity: sha512-iwDZqg0QAGrg9Rav5H4n0M64c3mkR59cJ6wQp+7C4nI0gsmExaedaYLNO44eT4AtBBwjbTiGPMlt2Md0T9H9JQ== }

  zod@4.3.6:
    resolution:
      { integrity: sha512-rftlrkhHZOcjDwkGlnUtZZkvaPHCsDATp4pGpuOOMDaTdDDXF91wuVDJoWoPsKX/3YPQ5fHuF3STjcYyKr+Qhg== }

snapshots:
  '@ai-sdk/gateway@1.1.0-beta.19(zod@4.3.6)':
    dependencies:
      '@ai-sdk/provider': 2.1.0-beta.5
      '@ai-sdk/provider-utils': 3.1.0-beta.9(zod@4.3.6)
      '@vercel/oidc': 3.2.1
      zod: 4.3.6

  '@ai-sdk/openai@2.0.104(zod@4.3.6)':
    dependencies:
      '@ai-sdk/provider': 2.0.2
      '@ai-sdk/provider-utils': 3.0.24(zod@4.3.6)
      zod: 4.3.6

  '@ai-sdk/provider-utils@3.0.24(zod@4.3.6)':
    dependencies:
      '@ai-sdk/provider': 2.0.2
      '@standard-schema/spec': 1.1.0
      eventsource-parser: 3.0.6
      zod: 4.3.6

  '@ai-sdk/provider-utils@3.1.0-beta.9(zod@4.3.6)':
    dependencies:
      '@ai-sdk/provider': 2.1.0-beta.5
      '@standard-schema/spec': 1.1.0
      eventsource-parser: 3.0.6
      zod: 4.3.6

  '@ai-sdk/provider@2.0.2':
    dependencies:
      json-schema: 0.4.0

  '@ai-sdk/provider@2.1.0-beta.5':
    dependencies:
      json-schema: 0.4.0

  '@opentelemetry/api@1.9.0': {}

  '@standard-schema/spec@1.1.0': {}

  '@types/node@22.19.15':
    dependencies:
      undici-types: 6.21.0

  '@vercel/oidc@3.2.1': {}

  ai@5.1.0-beta.28(zod@4.3.6):
    dependencies:
      '@ai-sdk/gateway': 1.1.0-beta.19(zod@4.3.6)
      '@ai-sdk/provider': 2.1.0-beta.5
      '@ai-sdk/provider-utils': 3.1.0-beta.9(zod@4.3.6)
      '@opentelemetry/api': 1.9.0
      zod: 4.3.6

  eventsource-parser@3.0.6: {}

  json-schema@0.4.0: {}

  typescript@5.9.3: {}

  undici-types@6.21.0: {}

  zod@4.3.6: {}
